// !$*UTF8*$!
{
	archiveVersion = 1;
	classes = {
	};
	objectVersion = 51;
	objects = {

/* Begin PBXBuildFile section */
		4136B17576869716077DEF8A /* Pods_CraftYourProfile.framework in Frameworks */ = {isa = PBXBuildFile; fileRef = D087771FF999CF0C359E96AD /* Pods_CraftYourProfile.framework */; };
		DA262DB3248A44A6007FB3EA /* VerifyPhoneModelController.swift in Sources */ = {isa = PBXBuildFile; fileRef = DA262DB2248A44A6007FB3EA /* VerifyPhoneModelController.swift */; };
		DA262DB5248A4D57007FB3EA /* CountryCode.swift in Sources */ = {isa = PBXBuildFile; fileRef = DA262DB4248A4D57007FB3EA /* CountryCode.swift */; };
		DA262DB7248E3507007FB3EA /* CountryCodeViewController.swift in Sources */ = {isa = PBXBuildFile; fileRef = DA262DB6248E3507007FB3EA /* CountryCodeViewController.swift */; };
		DA262DB9248E3E05007FB3EA /* CountryCodeCell.swift in Sources */ = {isa = PBXBuildFile; fileRef = DA262DB8248E3E05007FB3EA /* CountryCodeCell.swift */; };
		DA262DBD248E67D0007FB3EA /* UIViewController+.swift in Sources */ = {isa = PBXBuildFile; fileRef = DA262DBC248E67D0007FB3EA /* UIViewController+.swift */; };
		DA262DC0248E7749007FB3EA /* CountryCodeDataProviderProtocol.swift in Sources */ = {isa = PBXBuildFile; fileRef = DA262DBF248E7749007FB3EA /* CountryCodeDataProviderProtocol.swift */; };
		DA262DC2248E8817007FB3EA /* VerifyPhoneViewDelegate.swift in Sources */ = {isa = PBXBuildFile; fileRef = DA262DC1248E8817007FB3EA /* VerifyPhoneViewDelegate.swift */; };
		DA262DC4248EC156007FB3EA /* VerifyPhoneViewUpdater.swift in Sources */ = {isa = PBXBuildFile; fileRef = DA262DC3248EC156007FB3EA /* VerifyPhoneViewUpdater.swift */; };
		DA262DC8248F449C007FB3EA /* ScrollViewContainer.swift in Sources */ = {isa = PBXBuildFile; fileRef = DA262DC7248F449C007FB3EA /* ScrollViewContainer.swift */; };
		DA262DCC248F6390007FB3EA /* UIScrollView+.swift in Sources */ = {isa = PBXBuildFile; fileRef = DA262DCB248F6390007FB3EA /* UIScrollView+.swift */; };
		DA52EE4124893B480062D174 /* UIView+.swift in Sources */ = {isa = PBXBuildFile; fileRef = DA52EE4024893B480062D174 /* UIView+.swift */; };
		DA8AD22D246FBF8A00876C69 /* AppDelegate.swift in Sources */ = {isa = PBXBuildFile; fileRef = DA8AD22C246FBF8A00876C69 /* AppDelegate.swift */; };
		DA8AD22F246FBF8A00876C69 /* SceneDelegate.swift in Sources */ = {isa = PBXBuildFile; fileRef = DA8AD22E246FBF8A00876C69 /* SceneDelegate.swift */; };
		DA8AD236246FBF8F00876C69 /* Assets.xcassets in Resources */ = {isa = PBXBuildFile; fileRef = DA8AD235246FBF8F00876C69 /* Assets.xcassets */; };
		DA8AD239246FBF8F00876C69 /* LaunchScreen.storyboard in Resources */ = {isa = PBXBuildFile; fileRef = DA8AD237246FBF8F00876C69 /* LaunchScreen.storyboard */; };
		DA8AD241246FC06300876C69 /* WelcomeViewController.swift in Sources */ = {isa = PBXBuildFile; fileRef = DA8AD240246FC06300876C69 /* WelcomeViewController.swift */; };
		DA8AD257246FD2C500876C69 /* SF-Compact-Rounded-Semibold.otf in Resources */ = {isa = PBXBuildFile; fileRef = DA8AD24E246FD2C400876C69 /* SF-Compact-Rounded-Semibold.otf */; };
		DA8AD258246FD2C500876C69 /* SF-Compact-Rounded-Heavy.otf in Resources */ = {isa = PBXBuildFile; fileRef = DA8AD24F246FD2C400876C69 /* SF-Compact-Rounded-Heavy.otf */; };
		DA8AD259246FD2C500876C69 /* SF-Compact-Rounded-Regular.otf in Resources */ = {isa = PBXBuildFile; fileRef = DA8AD250246FD2C500876C69 /* SF-Compact-Rounded-Regular.otf */; };
		DA8AD25A246FD2C500876C69 /* SF-Compact-Rounded-Light.otf in Resources */ = {isa = PBXBuildFile; fileRef = DA8AD251246FD2C500876C69 /* SF-Compact-Rounded-Light.otf */; };
		DA8AD25B246FD2C500876C69 /* SF-Compact-Rounded-Thin.otf in Resources */ = {isa = PBXBuildFile; fileRef = DA8AD252246FD2C500876C69 /* SF-Compact-Rounded-Thin.otf */; };
		DA8AD25C246FD2C500876C69 /* SF-Compact-Rounded-Medium.otf in Resources */ = {isa = PBXBuildFile; fileRef = DA8AD253246FD2C500876C69 /* SF-Compact-Rounded-Medium.otf */; };
		DA8AD25D246FD2C500876C69 /* SF-Compact-Rounded-Bold.otf in Resources */ = {isa = PBXBuildFile; fileRef = DA8AD254246FD2C500876C69 /* SF-Compact-Rounded-Bold.otf */; };
		DA8AD25E246FD2C500876C69 /* SF-Compact-Rounded-Black.otf in Resources */ = {isa = PBXBuildFile; fileRef = DA8AD255246FD2C500876C69 /* SF-Compact-Rounded-Black.otf */; };
		DA8AD25F246FD2C500876C69 /* SF-Compact-Rounded-Ultralight.otf in Resources */ = {isa = PBXBuildFile; fileRef = DA8AD256246FD2C500876C69 /* SF-Compact-Rounded-Ultralight.otf */; };
		DA8AD263246FDAA500876C69 /* UIFont+.swift in Sources */ = {isa = PBXBuildFile; fileRef = DA8AD262246FDAA500876C69 /* UIFont+.swift */; };
		DA8AD265246FDCFD00876C69 /* UIColor+.swift in Sources */ = {isa = PBXBuildFile; fileRef = DA8AD264246FDCFD00876C69 /* UIColor+.swift */; };
		DA8AD267246FDF9100876C69 /* UILabel+.swift in Sources */ = {isa = PBXBuildFile; fileRef = DA8AD266246FDF9100876C69 /* UILabel+.swift */; };
		DA8AD269246FE36000876C69 /* UIStackView+.swift in Sources */ = {isa = PBXBuildFile; fileRef = DA8AD268246FE36000876C69 /* UIStackView+.swift */; };
		DA8AD26D24700EE900876C69 /* NSAttributedString+.swift in Sources */ = {isa = PBXBuildFile; fileRef = DA8AD26C24700EE900876C69 /* NSAttributedString+.swift */; };
		DA8AD26F24701FC500876C69 /* UITextView+.swift in Sources */ = {isa = PBXBuildFile; fileRef = DA8AD26E24701FC500876C69 /* UITextView+.swift */; };
		DA8AD2712470759A00876C69 /* String+.swift in Sources */ = {isa = PBXBuildFile; fileRef = DA8AD2702470759A00876C69 /* String+.swift */; };
		DA8AD27324707FC700876C69 /* UIImage+.swift in Sources */ = {isa = PBXBuildFile; fileRef = DA8AD27224707FC700876C69 /* UIImage+.swift */; };
		DA8AD2752472792000876C69 /* UIControl+.swift in Sources */ = {isa = PBXBuildFile; fileRef = DA8AD2742472791F00876C69 /* UIControl+.swift */; };
		DAAC5D0B247E916D0079E6F5 /* VerifyPhoneViewController.swift in Sources */ = {isa = PBXBuildFile; fileRef = DAAC5D0A247E916D0079E6F5 /* VerifyPhoneViewController.swift */; };
		DAAC5D1124860F060079E6F5 /* NetworkService.swift in Sources */ = {isa = PBXBuildFile; fileRef = DAAC5D1024860F050079E6F5 /* NetworkService.swift */; };
		DAAC5D1424869E6A0079E6F5 /* CountryFromServer.swift in Sources */ = {isa = PBXBuildFile; fileRef = DAAC5D1324869E690079E6F5 /* CountryFromServer.swift */; };
		DAAC5D1624869FEA0079E6F5 /* ValidationService.swift in Sources */ = {isa = PBXBuildFile; fileRef = DAAC5D1524869FEA0079E6F5 /* ValidationService.swift */; };
		DAAC5D1924879D4C0079E6F5 /* VerifyPhoneView.swift in Sources */ = {isa = PBXBuildFile; fileRef = DAAC5D1824879D4B0079E6F5 /* VerifyPhoneView.swift */; };
/* End PBXBuildFile section */

/* Begin PBXFileReference section */
		98F3CBAFDA5598B141D1055C /* Pods-CraftYourProfile.debug.xcconfig */ = {isa = PBXFileReference; includeInIndex = 1; lastKnownFileType = text.xcconfig; name = "Pods-CraftYourProfile.debug.xcconfig"; path = "Target Support Files/Pods-CraftYourProfile/Pods-CraftYourProfile.debug.xcconfig"; sourceTree = "<group>"; };
		C6704E210622BDF80B137E98 /* Pods-CraftYourProfile.release.xcconfig */ = {isa = PBXFileReference; includeInIndex = 1; lastKnownFileType = text.xcconfig; name = "Pods-CraftYourProfile.release.xcconfig"; path = "Target Support Files/Pods-CraftYourProfile/Pods-CraftYourProfile.release.xcconfig"; sourceTree = "<group>"; };
		D087771FF999CF0C359E96AD /* Pods_CraftYourProfile.framework */ = {isa = PBXFileReference; explicitFileType = wrapper.framework; includeInIndex = 0; path = Pods_CraftYourProfile.framework; sourceTree = BUILT_PRODUCTS_DIR; };
		DA262DB2248A44A6007FB3EA /* VerifyPhoneModelController.swift */ = {isa = PBXFileReference; lastKnownFileType = sourcecode.swift; path = VerifyPhoneModelController.swift; sourceTree = "<group>"; };
		DA262DB4248A4D57007FB3EA /* CountryCode.swift */ = {isa = PBXFileReference; lastKnownFileType = sourcecode.swift; path = CountryCode.swift; sourceTree = "<group>"; };
		DA262DB6248E3507007FB3EA /* CountryCodeViewController.swift */ = {isa = PBXFileReference; lastKnownFileType = sourcecode.swift; path = CountryCodeViewController.swift; sourceTree = "<group>"; };
		DA262DB8248E3E05007FB3EA /* CountryCodeCell.swift */ = {isa = PBXFileReference; lastKnownFileType = sourcecode.swift; path = CountryCodeCell.swift; sourceTree = "<group>"; };
		DA262DBC248E67D0007FB3EA /* UIViewController+.swift */ = {isa = PBXFileReference; lastKnownFileType = sourcecode.swift; path = "UIViewController+.swift"; sourceTree = "<group>"; };
		DA262DBF248E7749007FB3EA /* CountryCodeDataProviderProtocol.swift */ = {isa = PBXFileReference; lastKnownFileType = sourcecode.swift; path = CountryCodeDataProviderProtocol.swift; sourceTree = "<group>"; };
		DA262DC1248E8817007FB3EA /* VerifyPhoneViewDelegate.swift */ = {isa = PBXFileReference; lastKnownFileType = sourcecode.swift; path = VerifyPhoneViewDelegate.swift; sourceTree = "<group>"; };
		DA262DC3248EC156007FB3EA /* VerifyPhoneViewUpdater.swift */ = {isa = PBXFileReference; lastKnownFileType = sourcecode.swift; path = VerifyPhoneViewUpdater.swift; sourceTree = "<group>"; };
		DA262DC7248F449C007FB3EA /* ScrollViewContainer.swift */ = {isa = PBXFileReference; lastKnownFileType = sourcecode.swift; path = ScrollViewContainer.swift; sourceTree = "<group>"; };
		DA262DCB248F6390007FB3EA /* UIScrollView+.swift */ = {isa = PBXFileReference; lastKnownFileType = sourcecode.swift; path = "UIScrollView+.swift"; sourceTree = "<group>"; };
		DA52EE4024893B480062D174 /* UIView+.swift */ = {isa = PBXFileReference; fileEncoding = 4; lastKnownFileType = sourcecode.swift; path = "UIView+.swift"; sourceTree = "<group>"; };
		DA8AD229246FBF8A00876C69 /* CraftYourProfile.app */ = {isa = PBXFileReference; explicitFileType = wrapper.application; includeInIndex = 0; path = CraftYourProfile.app; sourceTree = BUILT_PRODUCTS_DIR; };
		DA8AD22C246FBF8A00876C69 /* AppDelegate.swift */ = {isa = PBXFileReference; lastKnownFileType = sourcecode.swift; path = AppDelegate.swift; sourceTree = "<group>"; };
		DA8AD22E246FBF8A00876C69 /* SceneDelegate.swift */ = {isa = PBXFileReference; lastKnownFileType = sourcecode.swift; path = SceneDelegate.swift; sourceTree = "<group>"; };
		DA8AD235246FBF8F00876C69 /* Assets.xcassets */ = {isa = PBXFileReference; lastKnownFileType = folder.assetcatalog; path = Assets.xcassets; sourceTree = "<group>"; };
		DA8AD238246FBF8F00876C69 /* Base */ = {isa = PBXFileReference; lastKnownFileType = file.storyboard; name = Base; path = Base.lproj/LaunchScreen.storyboard; sourceTree = "<group>"; };
		DA8AD23A246FBF8F00876C69 /* Info.plist */ = {isa = PBXFileReference; lastKnownFileType = text.plist.xml; path = Info.plist; sourceTree = "<group>"; };
		DA8AD240246FC06300876C69 /* WelcomeViewController.swift */ = {isa = PBXFileReference; lastKnownFileType = sourcecode.swift; path = WelcomeViewController.swift; sourceTree = "<group>"; };
		DA8AD24E246FD2C400876C69 /* SF-Compact-Rounded-Semibold.otf */ = {isa = PBXFileReference; lastKnownFileType = file; path = "SF-Compact-Rounded-Semibold.otf"; sourceTree = "<group>"; };
		DA8AD24F246FD2C400876C69 /* SF-Compact-Rounded-Heavy.otf */ = {isa = PBXFileReference; lastKnownFileType = file; path = "SF-Compact-Rounded-Heavy.otf"; sourceTree = "<group>"; };
		DA8AD250246FD2C500876C69 /* SF-Compact-Rounded-Regular.otf */ = {isa = PBXFileReference; lastKnownFileType = file; path = "SF-Compact-Rounded-Regular.otf"; sourceTree = "<group>"; };
		DA8AD251246FD2C500876C69 /* SF-Compact-Rounded-Light.otf */ = {isa = PBXFileReference; lastKnownFileType = file; path = "SF-Compact-Rounded-Light.otf"; sourceTree = "<group>"; };
		DA8AD252246FD2C500876C69 /* SF-Compact-Rounded-Thin.otf */ = {isa = PBXFileReference; lastKnownFileType = file; path = "SF-Compact-Rounded-Thin.otf"; sourceTree = "<group>"; };
		DA8AD253246FD2C500876C69 /* SF-Compact-Rounded-Medium.otf */ = {isa = PBXFileReference; lastKnownFileType = file; path = "SF-Compact-Rounded-Medium.otf"; sourceTree = "<group>"; };
		DA8AD254246FD2C500876C69 /* SF-Compact-Rounded-Bold.otf */ = {isa = PBXFileReference; lastKnownFileType = file; path = "SF-Compact-Rounded-Bold.otf"; sourceTree = "<group>"; };
		DA8AD255246FD2C500876C69 /* SF-Compact-Rounded-Black.otf */ = {isa = PBXFileReference; lastKnownFileType = file; path = "SF-Compact-Rounded-Black.otf"; sourceTree = "<group>"; };
		DA8AD256246FD2C500876C69 /* SF-Compact-Rounded-Ultralight.otf */ = {isa = PBXFileReference; lastKnownFileType = file; path = "SF-Compact-Rounded-Ultralight.otf"; sourceTree = "<group>"; };
		DA8AD262246FDAA500876C69 /* UIFont+.swift */ = {isa = PBXFileReference; lastKnownFileType = sourcecode.swift; path = "UIFont+.swift"; sourceTree = "<group>"; };
		DA8AD264246FDCFD00876C69 /* UIColor+.swift */ = {isa = PBXFileReference; lastKnownFileType = sourcecode.swift; path = "UIColor+.swift"; sourceTree = "<group>"; };
		DA8AD266246FDF9100876C69 /* UILabel+.swift */ = {isa = PBXFileReference; lastKnownFileType = sourcecode.swift; path = "UILabel+.swift"; sourceTree = "<group>"; };
		DA8AD268246FE36000876C69 /* UIStackView+.swift */ = {isa = PBXFileReference; lastKnownFileType = sourcecode.swift; path = "UIStackView+.swift"; sourceTree = "<group>"; };
		DA8AD26C24700EE900876C69 /* NSAttributedString+.swift */ = {isa = PBXFileReference; lastKnownFileType = sourcecode.swift; path = "NSAttributedString+.swift"; sourceTree = "<group>"; };
		DA8AD26E24701FC500876C69 /* UITextView+.swift */ = {isa = PBXFileReference; lastKnownFileType = sourcecode.swift; path = "UITextView+.swift"; sourceTree = "<group>"; };
		DA8AD2702470759A00876C69 /* String+.swift */ = {isa = PBXFileReference; lastKnownFileType = sourcecode.swift; path = "String+.swift"; sourceTree = "<group>"; };
		DA8AD27224707FC700876C69 /* UIImage+.swift */ = {isa = PBXFileReference; lastKnownFileType = sourcecode.swift; path = "UIImage+.swift"; sourceTree = "<group>"; };
		DA8AD2742472791F00876C69 /* UIControl+.swift */ = {isa = PBXFileReference; lastKnownFileType = sourcecode.swift; path = "UIControl+.swift"; sourceTree = "<group>"; };
		DAAC5D0A247E916D0079E6F5 /* VerifyPhoneViewController.swift */ = {isa = PBXFileReference; lastKnownFileType = sourcecode.swift; path = VerifyPhoneViewController.swift; sourceTree = "<group>"; };
		DAAC5D1024860F050079E6F5 /* NetworkService.swift */ = {isa = PBXFileReference; lastKnownFileType = sourcecode.swift; path = NetworkService.swift; sourceTree = "<group>"; };
		DAAC5D1324869E690079E6F5 /* CountryFromServer.swift */ = {isa = PBXFileReference; lastKnownFileType = sourcecode.swift; path = CountryFromServer.swift; sourceTree = "<group>"; };
		DAAC5D1524869FEA0079E6F5 /* ValidationService.swift */ = {isa = PBXFileReference; lastKnownFileType = sourcecode.swift; path = ValidationService.swift; sourceTree = "<group>"; };
		DAAC5D1824879D4B0079E6F5 /* VerifyPhoneView.swift */ = {isa = PBXFileReference; lastKnownFileType = sourcecode.swift; path = VerifyPhoneView.swift; sourceTree = "<group>"; };
/* End PBXFileReference section */

/* Begin PBXFrameworksBuildPhase section */
		DA8AD226246FBF8A00876C69 /* Frameworks */ = {
			isa = PBXFrameworksBuildPhase;
			buildActionMask = 2147483647;
			files = (
				4136B17576869716077DEF8A /* Pods_CraftYourProfile.framework in Frameworks */,
			);
			runOnlyForDeploymentPostprocessing = 0;
		};
/* End PBXFrameworksBuildPhase section */

/* Begin PBXGroup section */
		3E0F8066D6F96041EC7625C5 /* Pods */ = {
			isa = PBXGroup;
			children = (
				98F3CBAFDA5598B141D1055C /* Pods-CraftYourProfile.debug.xcconfig */,
				C6704E210622BDF80B137E98 /* Pods-CraftYourProfile.release.xcconfig */,
			);
			path = Pods;
			sourceTree = "<group>";
		};
		DA262DBA248E6612007FB3EA /* UI */ = {
			isa = PBXGroup;
			children = (
				DAAC5D0C247E91750079E6F5 /* ViewControllers */,
				DAAC5D1724879D0B0079E6F5 /* Views */,
				DA262DBB248E6634007FB3EA /* Cells */,
			);
			path = UI;
			sourceTree = "<group>";
		};
		DA262DBB248E6634007FB3EA /* Cells */ = {
			isa = PBXGroup;
			children = (
				DA262DB8248E3E05007FB3EA /* CountryCodeCell.swift */,
			);
			path = Cells;
			sourceTree = "<group>";
		};
		DA262DBE248E7114007FB3EA /* Protocols */ = {
			isa = PBXGroup;
			children = (
				DA262DBF248E7749007FB3EA /* CountryCodeDataProviderProtocol.swift */,
				DA262DC1248E8817007FB3EA /* VerifyPhoneViewDelegate.swift */,
				DA262DC3248EC156007FB3EA /* VerifyPhoneViewUpdater.swift */,
			);
			path = Protocols;
			sourceTree = "<group>";
		};
		DA262DC5248F4351007FB3EA /* Controllers */ = {
			isa = PBXGroup;
			children = (
				DA262DB2248A44A6007FB3EA /* VerifyPhoneModelController.swift */,
			);
			path = Controllers;
			sourceTree = "<group>";
		};
		DA8AD220246FBF8A00876C69 = {
			isa = PBXGroup;
			children = (
				DA8AD22B246FBF8A00876C69 /* CraftYourProfile */,
				DA8AD22A246FBF8A00876C69 /* Products */,
				3E0F8066D6F96041EC7625C5 /* Pods */,
				FC795780290540DE90AE7B79 /* Frameworks */,
			);
			sourceTree = "<group>";
		};
		DA8AD22A246FBF8A00876C69 /* Products */ = {
			isa = PBXGroup;
			children = (
				DA8AD229246FBF8A00876C69 /* CraftYourProfile.app */,
			);
			name = Products;
			sourceTree = "<group>";
		};
		DA8AD22B246FBF8A00876C69 /* CraftYourProfile */ = {
			isa = PBXGroup;
			children = (
				DA8AD22C246FBF8A00876C69 /* AppDelegate.swift */,
				DA8AD22E246FBF8A00876C69 /* SceneDelegate.swift */,
				DA262DBA248E6612007FB3EA /* UI */,
				DAAC5D0F24860EE80079E6F5 /* Services */,
				DAAC5D1224869D760079E6F5 /* Models */,
				DA262DBE248E7114007FB3EA /* Protocols */,
				DA8AD260246FDA8700876C69 /* Extensions */,
				DA8AD235246FBF8F00876C69 /* Assets.xcassets */,
				DA8AD24D246FD29E00876C69 /* Fonts */,
				DA8AD237246FBF8F00876C69 /* LaunchScreen.storyboard */,
				DA8AD23A246FBF8F00876C69 /* Info.plist */,
			);
			path = CraftYourProfile;
			sourceTree = "<group>";
		};
		DA8AD24D246FD29E00876C69 /* Fonts */ = {
			isa = PBXGroup;
			children = (
				DA8AD255246FD2C500876C69 /* SF-Compact-Rounded-Black.otf */,
				DA8AD254246FD2C500876C69 /* SF-Compact-Rounded-Bold.otf */,
				DA8AD24F246FD2C400876C69 /* SF-Compact-Rounded-Heavy.otf */,
				DA8AD251246FD2C500876C69 /* SF-Compact-Rounded-Light.otf */,
				DA8AD253246FD2C500876C69 /* SF-Compact-Rounded-Medium.otf */,
				DA8AD250246FD2C500876C69 /* SF-Compact-Rounded-Regular.otf */,
				DA8AD24E246FD2C400876C69 /* SF-Compact-Rounded-Semibold.otf */,
				DA8AD252246FD2C500876C69 /* SF-Compact-Rounded-Thin.otf */,
				DA8AD256246FD2C500876C69 /* SF-Compact-Rounded-Ultralight.otf */,
			);
			path = Fonts;
			sourceTree = "<group>";
		};
		DA8AD260246FDA8700876C69 /* Extensions */ = {
			isa = PBXGroup;
			children = (
				DA8AD261246FDA9400876C69 /* UIKit */,
				DA8AD26C24700EE900876C69 /* NSAttributedString+.swift */,
				DA8AD2702470759A00876C69 /* String+.swift */,
			);
			path = Extensions;
			sourceTree = "<group>";
		};
		DA8AD261246FDA9400876C69 /* UIKit */ = {
			isa = PBXGroup;
			children = (
				DA8AD262246FDAA500876C69 /* UIFont+.swift */,
				DA8AD264246FDCFD00876C69 /* UIColor+.swift */,
				DA8AD266246FDF9100876C69 /* UILabel+.swift */,
				DA8AD268246FE36000876C69 /* UIStackView+.swift */,
				DA8AD26E24701FC500876C69 /* UITextView+.swift */,
				DA8AD27224707FC700876C69 /* UIImage+.swift */,
				DA8AD2742472791F00876C69 /* UIControl+.swift */,
				DA52EE4024893B480062D174 /* UIView+.swift */,
				DA262DBC248E67D0007FB3EA /* UIViewController+.swift */,
				DA262DCB248F6390007FB3EA /* UIScrollView+.swift */,
			);
			path = UIKit;
			sourceTree = "<group>";
		};
		DAAC5D0C247E91750079E6F5 /* ViewControllers */ = {
			isa = PBXGroup;
			children = (
				DA8AD240246FC06300876C69 /* WelcomeViewController.swift */,
				DAAC5D0A247E916D0079E6F5 /* VerifyPhoneViewController.swift */,
				DA262DB6248E3507007FB3EA /* CountryCodeViewController.swift */,
			);
			path = ViewControllers;
			sourceTree = "<group>";
		};
		DAAC5D0F24860EE80079E6F5 /* Services */ = {
			isa = PBXGroup;
			children = (
				DAAC5D1024860F050079E6F5 /* NetworkService.swift */,
				DAAC5D1524869FEA0079E6F5 /* ValidationService.swift */,
			);
			path = Services;
			sourceTree = "<group>";
		};
		DAAC5D1224869D760079E6F5 /* Models */ = {
			isa = PBXGroup;
			children = (
				DA262DC5248F4351007FB3EA /* Controllers */,
				DAAC5D1324869E690079E6F5 /* CountryFromServer.swift */,
				DA262DB4248A4D57007FB3EA /* CountryCode.swift */,
			);
			path = Models;
			sourceTree = "<group>";
		};
		DAAC5D1724879D0B0079E6F5 /* Views */ = {
			isa = PBXGroup;
			children = (
				DACFC26E248946C9009DE17E /* VerifyScreen */,
			);
			path = Views;
			sourceTree = "<group>";
		};
		DACFC26E248946C9009DE17E /* VerifyScreen */ = {
			isa = PBXGroup;
			children = (
				DAAC5D1824879D4B0079E6F5 /* VerifyPhoneView.swift */,
				DA262DC7248F449C007FB3EA /* ScrollViewContainer.swift */,
			);
			path = VerifyScreen;
			sourceTree = "<group>";
		};
		FC795780290540DE90AE7B79 /* Frameworks */ = {
			isa = PBXGroup;
			children = (
				D087771FF999CF0C359E96AD /* Pods_CraftYourProfile.framework */,
			);
			name = Frameworks;
			sourceTree = "<group>";
		};
/* End PBXGroup section */

/* Begin PBXNativeTarget section */
		DA8AD228246FBF8A00876C69 /* CraftYourProfile */ = {
			isa = PBXNativeTarget;
			buildConfigurationList = DA8AD23D246FBF8F00876C69 /* Build configuration list for PBXNativeTarget "CraftYourProfile" */;
			buildPhases = (
				E456149817222A74ABB9D844 /* [CP] Check Pods Manifest.lock */,
				DA8AD242246FC4BF00876C69 /* ShellScript */,
				DA8AD225246FBF8A00876C69 /* Sources */,
				DA8AD226246FBF8A00876C69 /* Frameworks */,
				DA8AD227246FBF8A00876C69 /* Resources */,
				70A51310A59AD210177F674C /* [CP] Embed Pods Frameworks */,
			);
			buildRules = (
			);
			dependencies = (
			);
			name = CraftYourProfile;
			productName = CraftYourProfile;
			productReference = DA8AD229246FBF8A00876C69 /* CraftYourProfile.app */;
			productType = "com.apple.product-type.application";
		};
/* End PBXNativeTarget section */

/* Begin PBXProject section */
		DA8AD221246FBF8A00876C69 /* Project object */ = {
			isa = PBXProject;
			attributes = {
				LastSwiftUpdateCheck = 1120;
				LastUpgradeCheck = 1120;
				ORGANIZATIONNAME = "Дмитрий Константинов";
				TargetAttributes = {
					DA8AD228246FBF8A00876C69 = {
						CreatedOnToolsVersion = 11.2;
					};
				};
			};
			buildConfigurationList = DA8AD224246FBF8A00876C69 /* Build configuration list for PBXProject "CraftYourProfile" */;
			compatibilityVersion = "Xcode 9.3";
			developmentRegion = en;
			hasScannedForEncodings = 0;
			knownRegions = (
				en,
				Base,
			);
			mainGroup = DA8AD220246FBF8A00876C69;
			productRefGroup = DA8AD22A246FBF8A00876C69 /* Products */;
			projectDirPath = "";
			projectRoot = "";
			targets = (
				DA8AD228246FBF8A00876C69 /* CraftYourProfile */,
			);
		};
/* End PBXProject section */

/* Begin PBXResourcesBuildPhase section */
		DA8AD227246FBF8A00876C69 /* Resources */ = {
			isa = PBXResourcesBuildPhase;
			buildActionMask = 2147483647;
			files = (
				DA8AD25D246FD2C500876C69 /* SF-Compact-Rounded-Bold.otf in Resources */,
				DA8AD258246FD2C500876C69 /* SF-Compact-Rounded-Heavy.otf in Resources */,
				DA8AD259246FD2C500876C69 /* SF-Compact-Rounded-Regular.otf in Resources */,
				DA8AD257246FD2C500876C69 /* SF-Compact-Rounded-Semibold.otf in Resources */,
				DA8AD25A246FD2C500876C69 /* SF-Compact-Rounded-Light.otf in Resources */,
				DA8AD25B246FD2C500876C69 /* SF-Compact-Rounded-Thin.otf in Resources */,
				DA8AD25C246FD2C500876C69 /* SF-Compact-Rounded-Medium.otf in Resources */,
				DA8AD239246FBF8F00876C69 /* LaunchScreen.storyboard in Resources */,
				DA8AD25E246FD2C500876C69 /* SF-Compact-Rounded-Black.otf in Resources */,
				DA8AD236246FBF8F00876C69 /* Assets.xcassets in Resources */,
				DA8AD25F246FD2C500876C69 /* SF-Compact-Rounded-Ultralight.otf in Resources */,
			);
			runOnlyForDeploymentPostprocessing = 0;
		};
/* End PBXResourcesBuildPhase section */

/* Begin PBXShellScriptBuildPhase section */
		70A51310A59AD210177F674C /* [CP] Embed Pods Frameworks */ = {
			isa = PBXShellScriptBuildPhase;
			buildActionMask = 2147483647;
			files = (
			);
			inputFileListPaths = (
				"${PODS_ROOT}/Target Support Files/Pods-CraftYourProfile/Pods-CraftYourProfile-frameworks-${CONFIGURATION}-input-files.xcfilelist",
			);
			name = "[CP] Embed Pods Frameworks";
			outputFileListPaths = (
				"${PODS_ROOT}/Target Support Files/Pods-CraftYourProfile/Pods-CraftYourProfile-frameworks-${CONFIGURATION}-output-files.xcfilelist",
			);
			runOnlyForDeploymentPostprocessing = 0;
			shellPath = /bin/sh;
			shellScript = "\"${PODS_ROOT}/Target Support Files/Pods-CraftYourProfile/Pods-CraftYourProfile-frameworks.sh\"\n";
			showEnvVarsInLog = 0;
		};
		DA8AD242246FC4BF00876C69 /* ShellScript */ = {
			isa = PBXShellScriptBuildPhase;
			buildActionMask = 2147483647;
			files = (
			);
			inputFileListPaths = (
			);
			inputPaths = (
			);
			outputFileListPaths = (
			);
			outputPaths = (
			);
			runOnlyForDeploymentPostprocessing = 0;
			shellPath = /bin/sh;
			shellScript = "\"${PODS_ROOT}/SwiftLint/swiftlint\"\n";
		};
		E456149817222A74ABB9D844 /* [CP] Check Pods Manifest.lock */ = {
			isa = PBXShellScriptBuildPhase;
			buildActionMask = 2147483647;
			files = (
			);
			inputFileListPaths = (
			);
			inputPaths = (
				"${PODS_PODFILE_DIR_PATH}/Podfile.lock",
				"${PODS_ROOT}/Manifest.lock",
			);
			name = "[CP] Check Pods Manifest.lock";
			outputFileListPaths = (
			);
			outputPaths = (
				"$(DERIVED_FILE_DIR)/Pods-CraftYourProfile-checkManifestLockResult.txt",
			);
			runOnlyForDeploymentPostprocessing = 0;
			shellPath = /bin/sh;
			shellScript = "diff \"${PODS_PODFILE_DIR_PATH}/Podfile.lock\" \"${PODS_ROOT}/Manifest.lock\" > /dev/null\nif [ $? != 0 ] ; then\n    # print error to STDERR\n    echo \"error: The sandbox is not in sync with the Podfile.lock. Run 'pod install' or update your CocoaPods installation.\" >&2\n    exit 1\nfi\n# This output is used by Xcode 'outputs' to avoid re-running this script phase.\necho \"SUCCESS\" > \"${SCRIPT_OUTPUT_FILE_0}\"\n";
			showEnvVarsInLog = 0;
		};
/* End PBXShellScriptBuildPhase section */

/* Begin PBXSourcesBuildPhase section */
		DA8AD225246FBF8A00876C69 /* Sources */ = {
			isa = PBXSourcesBuildPhase;
			buildActionMask = 2147483647;
			files = (
				DA262DB5248A4D57007FB3EA /* CountryCode.swift in Sources */,
				DA8AD269246FE36000876C69 /* UIStackView+.swift in Sources */,
				DA262DC4248EC156007FB3EA /* VerifyPhoneViewUpdater.swift in Sources */,
				DA262DC0248E7749007FB3EA /* CountryCodeDataProviderProtocol.swift in Sources */,
				DA8AD267246FDF9100876C69 /* UILabel+.swift in Sources */,
				DAAC5D0B247E916D0079E6F5 /* VerifyPhoneViewController.swift in Sources */,
				DA262DC2248E8817007FB3EA /* VerifyPhoneViewDelegate.swift in Sources */,
				DA8AD263246FDAA500876C69 /* UIFont+.swift in Sources */,
				DA52EE4124893B480062D174 /* UIView+.swift in Sources */,
				DA8AD241246FC06300876C69 /* WelcomeViewController.swift in Sources */,
				DA8AD2752472792000876C69 /* UIControl+.swift in Sources */,
				DA8AD22D246FBF8A00876C69 /* AppDelegate.swift in Sources */,
				DAAC5D1924879D4C0079E6F5 /* VerifyPhoneView.swift in Sources */,
				DA262DC8248F449C007FB3EA /* ScrollViewContainer.swift in Sources */,
				DA262DB7248E3507007FB3EA /* CountryCodeViewController.swift in Sources */,
				DAAC5D1624869FEA0079E6F5 /* ValidationService.swift in Sources */,
				DA8AD26F24701FC500876C69 /* UITextView+.swift in Sources */,
				DA8AD22F246FBF8A00876C69 /* SceneDelegate.swift in Sources */,
				DAAC5D1124860F060079E6F5 /* NetworkService.swift in Sources */,
				DA262DB9248E3E05007FB3EA /* CountryCodeCell.swift in Sources */,
				DAAC5D1424869E6A0079E6F5 /* CountryFromServer.swift in Sources */,
				DA262DBD248E67D0007FB3EA /* UIViewController+.swift in Sources */,
				DA8AD2712470759A00876C69 /* String+.swift in Sources */,
				DA262DB3248A44A6007FB3EA /* VerifyPhoneModelController.swift in Sources */,
				DA8AD265246FDCFD00876C69 /* UIColor+.swift in Sources */,
				DA262DCC248F6390007FB3EA /* UIScrollView+.swift in Sources */,
				DA8AD27324707FC700876C69 /* UIImage+.swift in Sources */,
				DA8AD26D24700EE900876C69 /* NSAttributedString+.swift in Sources */,
			);
			runOnlyForDeploymentPostprocessing = 0;
		};
/* End PBXSourcesBuildPhase section */

/* Begin PBXVariantGroup section */
		DA8AD237246FBF8F00876C69 /* LaunchScreen.storyboard */ = {
			isa = PBXVariantGroup;
			children = (
				DA8AD238246FBF8F00876C69 /* Base */,
			);
			name = LaunchScreen.storyboard;
			sourceTree = "<group>";
		};
/* End PBXVariantGroup section */

/* Begin XCBuildConfiguration section */
		DA8AD23B246FBF8F00876C69 /* Debug */ = {
			isa = XCBuildConfiguration;
			buildSettings = {
				ALWAYS_SEARCH_USER_PATHS = NO;
				CLANG_ANALYZER_NONNULL = YES;
				CLANG_ANALYZER_NUMBER_OBJECT_CONVERSION = YES_AGGRESSIVE;
				CLANG_CXX_LANGUAGE_STANDARD = "gnu++14";
				CLANG_CXX_LIBRARY = "libc++";
				CLANG_ENABLE_MODULES = YES;
				CLANG_ENABLE_OBJC_ARC = YES;
				CLANG_ENABLE_OBJC_WEAK = YES;
				CLANG_WARN_BLOCK_CAPTURE_AUTORELEASING = YES;
				CLANG_WARN_BOOL_CONVERSION = YES;
				CLANG_WARN_COMMA = YES;
				CLANG_WARN_CONSTANT_CONVERSION = YES;
				CLANG_WARN_DEPRECATED_OBJC_IMPLEMENTATIONS = YES;
				CLANG_WARN_DIRECT_OBJC_ISA_USAGE = YES_ERROR;
				CLANG_WARN_DOCUMENTATION_COMMENTS = YES;
				CLANG_WARN_EMPTY_BODY = YES;
				CLANG_WARN_ENUM_CONVERSION = YES;
				CLANG_WARN_INFINITE_RECURSION = YES;
				CLANG_WARN_INT_CONVERSION = YES;
				CLANG_WARN_NON_LITERAL_NULL_CONVERSION = YES;
				CLANG_WARN_OBJC_IMPLICIT_RETAIN_SELF = YES;
				CLANG_WARN_OBJC_LITERAL_CONVERSION = YES;
				CLANG_WARN_OBJC_ROOT_CLASS = YES_ERROR;
				CLANG_WARN_RANGE_LOOP_ANALYSIS = YES;
				CLANG_WARN_STRICT_PROTOTYPES = YES;
				CLANG_WARN_SUSPICIOUS_MOVE = YES;
				CLANG_WARN_UNGUARDED_AVAILABILITY = YES_AGGRESSIVE;
				CLANG_WARN_UNREACHABLE_CODE = YES;
				CLANG_WARN__DUPLICATE_METHOD_MATCH = YES;
				COPY_PHASE_STRIP = NO;
				DEBUG_INFORMATION_FORMAT = dwarf;
				ENABLE_STRICT_OBJC_MSGSEND = YES;
				ENABLE_TESTABILITY = YES;
				GCC_C_LANGUAGE_STANDARD = gnu11;
				GCC_DYNAMIC_NO_PIC = NO;
				GCC_NO_COMMON_BLOCKS = YES;
				GCC_OPTIMIZATION_LEVEL = 0;
				GCC_PREPROCESSOR_DEFINITIONS = (
					"DEBUG=1",
					"$(inherited)",
				);
				GCC_WARN_64_TO_32_BIT_CONVERSION = YES;
				GCC_WARN_ABOUT_RETURN_TYPE = YES_ERROR;
				GCC_WARN_UNDECLARED_SELECTOR = YES;
				GCC_WARN_UNINITIALIZED_AUTOS = YES_AGGRESSIVE;
				GCC_WARN_UNUSED_FUNCTION = YES;
				GCC_WARN_UNUSED_VARIABLE = YES;
				IPHONEOS_DEPLOYMENT_TARGET = 13.2;
				MTL_ENABLE_DEBUG_INFO = INCLUDE_SOURCE;
				MTL_FAST_MATH = YES;
				ONLY_ACTIVE_ARCH = YES;
				SDKROOT = iphoneos;
				SWIFT_ACTIVE_COMPILATION_CONDITIONS = DEBUG;
				SWIFT_OPTIMIZATION_LEVEL = "-Onone";
			};
			name = Debug;
		};
		DA8AD23C246FBF8F00876C69 /* Release */ = {
			isa = XCBuildConfiguration;
			buildSettings = {
				ALWAYS_SEARCH_USER_PATHS = NO;
				CLANG_ANALYZER_NONNULL = YES;
				CLANG_ANALYZER_NUMBER_OBJECT_CONVERSION = YES_AGGRESSIVE;
				CLANG_CXX_LANGUAGE_STANDARD = "gnu++14";
				CLANG_CXX_LIBRARY = "libc++";
				CLANG_ENABLE_MODULES = YES;
				CLANG_ENABLE_OBJC_ARC = YES;
				CLANG_ENABLE_OBJC_WEAK = YES;
				CLANG_WARN_BLOCK_CAPTURE_AUTORELEASING = YES;
				CLANG_WARN_BOOL_CONVERSION = YES;
				CLANG_WARN_COMMA = YES;
				CLANG_WARN_CONSTANT_CONVERSION = YES;
				CLANG_WARN_DEPRECATED_OBJC_IMPLEMENTATIONS = YES;
				CLANG_WARN_DIRECT_OBJC_ISA_USAGE = YES_ERROR;
				CLANG_WARN_DOCUMENTATION_COMMENTS = YES;
				CLANG_WARN_EMPTY_BODY = YES;
				CLANG_WARN_ENUM_CONVERSION = YES;
				CLANG_WARN_INFINITE_RECURSION = YES;
				CLANG_WARN_INT_CONVERSION = YES;
				CLANG_WARN_NON_LITERAL_NULL_CONVERSION = YES;
				CLANG_WARN_OBJC_IMPLICIT_RETAIN_SELF = YES;
				CLANG_WARN_OBJC_LITERAL_CONVERSION = YES;
				CLANG_WARN_OBJC_ROOT_CLASS = YES_ERROR;
				CLANG_WARN_RANGE_LOOP_ANALYSIS = YES;
				CLANG_WARN_STRICT_PROTOTYPES = YES;
				CLANG_WARN_SUSPICIOUS_MOVE = YES;
				CLANG_WARN_UNGUARDED_AVAILABILITY = YES_AGGRESSIVE;
				CLANG_WARN_UNREACHABLE_CODE = YES;
				CLANG_WARN__DUPLICATE_METHOD_MATCH = YES;
				COPY_PHASE_STRIP = NO;
				DEBUG_INFORMATION_FORMAT = "dwarf-with-dsym";
				ENABLE_NS_ASSERTIONS = NO;
				ENABLE_STRICT_OBJC_MSGSEND = YES;
				GCC_C_LANGUAGE_STANDARD = gnu11;
				GCC_NO_COMMON_BLOCKS = YES;
				GCC_WARN_64_TO_32_BIT_CONVERSION = YES;
				GCC_WARN_ABOUT_RETURN_TYPE = YES_ERROR;
				GCC_WARN_UNDECLARED_SELECTOR = YES;
				GCC_WARN_UNINITIALIZED_AUTOS = YES_AGGRESSIVE;
				GCC_WARN_UNUSED_FUNCTION = YES;
				GCC_WARN_UNUSED_VARIABLE = YES;
				IPHONEOS_DEPLOYMENT_TARGET = 13.2;
				MTL_ENABLE_DEBUG_INFO = NO;
				MTL_FAST_MATH = YES;
				SDKROOT = iphoneos;
				SWIFT_COMPILATION_MODE = wholemodule;
				SWIFT_OPTIMIZATION_LEVEL = "-O";
				VALIDATE_PRODUCT = YES;
			};
			name = Release;
		};
		DA8AD23E246FBF8F00876C69 /* Debug */ = {
			isa = XCBuildConfiguration;
			baseConfigurationReference = 98F3CBAFDA5598B141D1055C /* Pods-CraftYourProfile.debug.xcconfig */;
			buildSettings = {
				ASSETCATALOG_COMPILER_APPICON_NAME = AppIcon;
				CODE_SIGN_STYLE = Automatic;
				DEVELOPMENT_TEAM = V343AH88RK;
				INFOPLIST_FILE = CraftYourProfile/Info.plist;
				LD_RUNPATH_SEARCH_PATHS = (
					"$(inherited)",
					"@executable_path/Frameworks",
				);
				PRODUCT_BUNDLE_IDENTIFIER = CasperNEw.CraftYourProfile;
				PRODUCT_NAME = "$(TARGET_NAME)";
				SWIFT_VERSION = 5.0;
				TARGETED_DEVICE_FAMILY = 1;
			};
			name = Debug;
		};
		DA8AD23F246FBF8F00876C69 /* Release */ = {
			isa = XCBuildConfiguration;
			baseConfigurationReference = C6704E210622BDF80B137E98 /* Pods-CraftYourProfile.release.xcconfig */;
			buildSettings = {
				ASSETCATALOG_COMPILER_APPICON_NAME = AppIcon;
				CODE_SIGN_STYLE = Automatic;
				DEVELOPMENT_TEAM = V343AH88RK;
				INFOPLIST_FILE = CraftYourProfile/Info.plist;
				LD_RUNPATH_SEARCH_PATHS = (
					"$(inherited)",
					"@executable_path/Frameworks",
				);
				PRODUCT_BUNDLE_IDENTIFIER = CasperNEw.CraftYourProfile;
				PRODUCT_NAME = "$(TARGET_NAME)";
				SWIFT_VERSION = 5.0;
				TARGETED_DEVICE_FAMILY = 1;
			};
			name = Release;
		};
/* End XCBuildConfiguration section */

/* Begin XCConfigurationList section */
		DA8AD224246FBF8A00876C69 /* Build configuration list for PBXProject "CraftYourProfile" */ = {
			isa = XCConfigurationList;
			buildConfigurations = (
				DA8AD23B246FBF8F00876C69 /* Debug */,
				DA8AD23C246FBF8F00876C69 /* Release */,
			);
			defaultConfigurationIsVisible = 0;
			defaultConfigurationName = Release;
		};
		DA8AD23D246FBF8F00876C69 /* Build configuration list for PBXNativeTarget "CraftYourProfile" */ = {
			isa = XCConfigurationList;
			buildConfigurations = (
				DA8AD23E246FBF8F00876C69 /* Debug */,
				DA8AD23F246FBF8F00876C69 /* Release */,
			);
			defaultConfigurationIsVisible = 0;
			defaultConfigurationName = Release;
		};
/* End XCConfigurationList section */
	};
	rootObject = DA8AD221246FBF8A00876C69 /* Project object */;
}
